# This file is automatically @generated by Wally.
# It is not intended for manual editing.
registry = "test"

[[package]]
name = "1axen/secure-cast"
version = "1.1.4"
dependencies = []

[[package]]
name = "alexa/lumendev"
version = "0.1.0"
dependencies = [["ImGizmo", "jakeywastaken/imgizmo@3.6.0"], ["Iris", "sirmallard/iris@2.4.1"], ["Net", "sleitnick/net@0.2.0"], ["SecureCast", "1axen/secure-cast@1.1.4"], ["Signal", "sleitnick/signal@2.0.3"], ["Trove", "sleitnick/trove@1.5.0"]]

[[package]]
name = "jakeywastaken/imgizmo"
version = "3.6.0"
dependencies = []

[[package]]
name = "sirmallard/iris"
version = "2.4.1"
dependencies = []

[[package]]
name = "sleitnick/net"
version = "0.2.0"
dependencies = []

[[package]]
name = "sleitnick/signal"
version = "2.0.3"
dependencies = []

[[package]]
name = "sleitnick/trove"
version = "1.5.0"
dependencies = []
